
Microsoft Visual Studio Solution File, Format Version 12.00
# Visual Studio 14
VisualStudioVersion = 14.0.25123.0
MinimumVisualStudioVersion = 10.0.40219.1
Project("{FAE04EC0-301F-11D3-BF4B-00C04F79EFBC}") = "CISample", "CISample\CISample.csproj", "{71D12032-6F0F-4F16-A416-35DEF14BA513}"
EndProject
Project("{2150E333-8FDC-42A3-9474-1A3956D46DE8}") = "DataLogic", "DataLogic", "{C9D66827-716E-4D7D-9E90-BDBCB5185335}"
EndProject
Project("{2150E333-8FDC-42A3-9474-1A3956D46DE8}") = "Middleware", "Middleware", "{C60F5932-1EA0-4A11-A1F8-5BF1A3655EA0}"
EndProject
Project("{2150E333-8FDC-42A3-9474-1A3956D46DE8}") = "Presentation", "Presentation", "{605071E4-3B9A-4B40-B815-62B0DA2D8C88}"
EndProject
Project("{FAE04EC0-301F-11D3-BF4B-00C04F79EFBC}") = "CISample.Models", "CISample.Models\CISample.Models.csproj", "{19C8EC4A-C82B-4D1D-9985-A83AA052A3C6}"
EndProject
Project("{2150E333-8FDC-42A3-9474-1A3956D46DE8}") = "Tests", "Tests", "{84046B1D-CB23-49F3-A7A4-3DA89CEFCE4F}"
EndProject
Project("{FAE04EC0-301F-11D3-BF4B-00C04F79EFBC}") = "CISample.BusinessManager", "CISample.BusinessManager\CISample.BusinessManager.csproj", "{EA5978F1-968A-4CEA-8A2F-59F9EAC47808}"
EndProject
Project("{FAE04EC0-301F-11D3-BF4B-00C04F79EFBC}") = "CISample.Core", "CISample.Core\CISample.Core.csproj", "{3AFE4F6A-58E8-4F3D-B300-582AFDD17453}"
EndProject
Project("{FAE04EC0-301F-11D3-BF4B-00C04F79EFBC}") = "CISample.Core.Uwp", "CISample.Core.Uwp\CISample.Core.Uwp.csproj", "{AA32A015-0F8C-440F-A2E6-28BEF91E0437}"
EndProject
Project("{FAE04EC0-301F-11D3-BF4B-00C04F79EFBC}") = "CISample.UnitTests", "CISample.UnitTests\CISample.UnitTests.csproj", "{CEEF100A-1599-4701-B33C-9C8E5B889605}"
EndProject
Project("{FAE04EC0-301F-11D3-BF4B-00C04F79EFBC}") = "CISample.UI", "CISample.UI\CISample.UI.csproj", "{7EC7F7FA-3EEC-4D1C-B53F-E07065B9D06C}"
EndProject
Global
	GlobalSection(SolutionConfigurationPlatforms) = preSolution
		Debug|Any CPU = Debug|Any CPU
		Debug|ARM = Debug|ARM
		Debug|x64 = Debug|x64
		Debug|x86 = Debug|x86
		Release|Any CPU = Release|Any CPU
		Release|ARM = Release|ARM
		Release|x64 = Release|x64
		Release|x86 = Release|x86
	EndGlobalSection
	GlobalSection(ProjectConfigurationPlatforms) = postSolution
		{71D12032-6F0F-4F16-A416-35DEF14BA513}.Debug|Any CPU.ActiveCfg = Debug|x86
		{71D12032-6F0F-4F16-A416-35DEF14BA513}.Debug|ARM.ActiveCfg = Debug|ARM
		{71D12032-6F0F-4F16-A416-35DEF14BA513}.Debug|ARM.Build.0 = Debug|ARM
		{71D12032-6F0F-4F16-A416-35DEF14BA513}.Debug|ARM.Deploy.0 = Debug|ARM
		{71D12032-6F0F-4F16-A416-35DEF14BA513}.Debug|x64.ActiveCfg = Debug|x64
		{71D12032-6F0F-4F16-A416-35DEF14BA513}.Debug|x64.Build.0 = Debug|x64
		{71D12032-6F0F-4F16-A416-35DEF14BA513}.Debug|x64.Deploy.0 = Debug|x64
		{71D12032-6F0F-4F16-A416-35DEF14BA513}.Debug|x86.ActiveCfg = Debug|x86
		{71D12032-6F0F-4F16-A416-35DEF14BA513}.Debug|x86.Build.0 = Debug|x86
		{71D12032-6F0F-4F16-A416-35DEF14BA513}.Debug|x86.Deploy.0 = Debug|x86
		{71D12032-6F0F-4F16-A416-35DEF14BA513}.Release|Any CPU.ActiveCfg = Release|x86
		{71D12032-6F0F-4F16-A416-35DEF14BA513}.Release|ARM.ActiveCfg = Release|ARM
		{71D12032-6F0F-4F16-A416-35DEF14BA513}.Release|ARM.Build.0 = Release|ARM
		{71D12032-6F0F-4F16-A416-35DEF14BA513}.Release|ARM.Deploy.0 = Release|ARM
		{71D12032-6F0F-4F16-A416-35DEF14BA513}.Release|x64.ActiveCfg = Release|x64
		{71D12032-6F0F-4F16-A416-35DEF14BA513}.Release|x64.Build.0 = Release|x64
		{71D12032-6F0F-4F16-A416-35DEF14BA513}.Release|x64.Deploy.0 = Release|x64
		{71D12032-6F0F-4F16-A416-35DEF14BA513}.Release|x86.ActiveCfg = Release|x86
		{71D12032-6F0F-4F16-A416-35DEF14BA513}.Release|x86.Build.0 = Release|x86
		{71D12032-6F0F-4F16-A416-35DEF14BA513}.Release|x86.Deploy.0 = Release|x86
		{19C8EC4A-C82B-4D1D-9985-A83AA052A3C6}.Debug|Any CPU.ActiveCfg = Debug|Any CPU
		{19C8EC4A-C82B-4D1D-9985-A83AA052A3C6}.Debug|Any CPU.Build.0 = Debug|Any CPU
		{19C8EC4A-C82B-4D1D-9985-A83AA052A3C6}.Debug|ARM.ActiveCfg = Debug|Any CPU
		{19C8EC4A-C82B-4D1D-9985-A83AA052A3C6}.Debug|ARM.Build.0 = Debug|Any CPU
		{19C8EC4A-C82B-4D1D-9985-A83AA052A3C6}.Debug|x64.ActiveCfg = Debug|Any CPU
		{19C8EC4A-C82B-4D1D-9985-A83AA052A3C6}.Debug|x64.Build.0 = Debug|Any CPU
		{19C8EC4A-C82B-4D1D-9985-A83AA052A3C6}.Debug|x86.ActiveCfg = Debug|Any CPU
		{19C8EC4A-C82B-4D1D-9985-A83AA052A3C6}.Debug|x86.Build.0 = Debug|Any CPU
		{19C8EC4A-C82B-4D1D-9985-A83AA052A3C6}.Release|Any CPU.ActiveCfg = Release|Any CPU
		{19C8EC4A-C82B-4D1D-9985-A83AA052A3C6}.Release|Any CPU.Build.0 = Release|Any CPU
		{19C8EC4A-C82B-4D1D-9985-A83AA052A3C6}.Release|ARM.ActiveCfg = Release|Any CPU
		{19C8EC4A-C82B-4D1D-9985-A83AA052A3C6}.Release|ARM.Build.0 = Release|Any CPU
		{19C8EC4A-C82B-4D1D-9985-A83AA052A3C6}.Release|x64.ActiveCfg = Release|Any CPU
		{19C8EC4A-C82B-4D1D-9985-A83AA052A3C6}.Release|x64.Build.0 = Release|Any CPU
		{19C8EC4A-C82B-4D1D-9985-A83AA052A3C6}.Release|x86.ActiveCfg = Release|Any CPU
		{19C8EC4A-C82B-4D1D-9985-A83AA052A3C6}.Release|x86.Build.0 = Release|Any CPU
		{EA5978F1-968A-4CEA-8A2F-59F9EAC47808}.Debug|Any CPU.ActiveCfg = Debug|Any CPU
		{EA5978F1-968A-4CEA-8A2F-59F9EAC47808}.Debug|Any CPU.Build.0 = Debug|Any CPU
		{EA5978F1-968A-4CEA-8A2F-59F9EAC47808}.Debug|ARM.ActiveCfg = Debug|Any CPU
		{EA5978F1-968A-4CEA-8A2F-59F9EAC47808}.Debug|ARM.Build.0 = Debug|Any CPU
		{EA5978F1-968A-4CEA-8A2F-59F9EAC47808}.Debug|x64.ActiveCfg = Debug|Any CPU
		{EA5978F1-968A-4CEA-8A2F-59F9EAC47808}.Debug|x64.Build.0 = Debug|Any CPU
		{EA5978F1-968A-4CEA-8A2F-59F9EAC47808}.Debug|x86.ActiveCfg = Debug|Any CPU
		{EA5978F1-968A-4CEA-8A2F-59F9EAC47808}.Debug|x86.Build.0 = Debug|Any CPU
		{EA5978F1-968A-4CEA-8A2F-59F9EAC47808}.Release|Any CPU.ActiveCfg = Release|Any CPU
		{EA5978F1-968A-4CEA-8A2F-59F9EAC47808}.Release|Any CPU.Build.0 = Release|Any CPU
		{EA5978F1-968A-4CEA-8A2F-59F9EAC47808}.Release|ARM.ActiveCfg = Release|Any CPU
		{EA5978F1-968A-4CEA-8A2F-59F9EAC47808}.Release|ARM.Build.0 = Release|Any CPU
		{EA5978F1-968A-4CEA-8A2F-59F9EAC47808}.Release|x64.ActiveCfg = Release|Any CPU
		{EA5978F1-968A-4CEA-8A2F-59F9EAC47808}.Release|x64.Build.0 = Release|Any CPU
		{EA5978F1-968A-4CEA-8A2F-59F9EAC47808}.Release|x86.ActiveCfg = Release|Any CPU
		{EA5978F1-968A-4CEA-8A2F-59F9EAC47808}.Release|x86.Build.0 = Release|Any CPU
		{3AFE4F6A-58E8-4F3D-B300-582AFDD17453}.Debug|Any CPU.ActiveCfg = Debug|Any CPU
		{3AFE4F6A-58E8-4F3D-B300-582AFDD17453}.Debug|Any CPU.Build.0 = Debug|Any CPU
		{3AFE4F6A-58E8-4F3D-B300-582AFDD17453}.Debug|ARM.ActiveCfg = Debug|Any CPU
		{3AFE4F6A-58E8-4F3D-B300-582AFDD17453}.Debug|ARM.Build.0 = Debug|Any CPU
		{3AFE4F6A-58E8-4F3D-B300-582AFDD17453}.Debug|x64.ActiveCfg = Debug|Any CPU
		{3AFE4F6A-58E8-4F3D-B300-582AFDD17453}.Debug|x64.Build.0 = Debug|Any CPU
		{3AFE4F6A-58E8-4F3D-B300-582AFDD17453}.Debug|x86.ActiveCfg = Debug|Any CPU
		{3AFE4F6A-58E8-4F3D-B300-582AFDD17453}.Debug|x86.Build.0 = Debug|Any CPU
		{3AFE4F6A-58E8-4F3D-B300-582AFDD17453}.Release|Any CPU.ActiveCfg = Release|Any CPU
		{3AFE4F6A-58E8-4F3D-B300-582AFDD17453}.Release|Any CPU.Build.0 = Release|Any CPU
		{3AFE4F6A-58E8-4F3D-B300-582AFDD17453}.Release|ARM.ActiveCfg = Release|Any CPU
		{3AFE4F6A-58E8-4F3D-B300-582AFDD17453}.Release|ARM.Build.0 = Release|Any CPU
		{3AFE4F6A-58E8-4F3D-B300-582AFDD17453}.Release|x64.ActiveCfg = Release|Any CPU
		{3AFE4F6A-58E8-4F3D-B300-582AFDD17453}.Release|x64.Build.0 = Release|Any CPU
		{3AFE4F6A-58E8-4F3D-B300-582AFDD17453}.Release|x86.ActiveCfg = Release|Any CPU
		{3AFE4F6A-58E8-4F3D-B300-582AFDD17453}.Release|x86.Build.0 = Release|Any CPU
		{AA32A015-0F8C-440F-A2E6-28BEF91E0437}.Debug|Any CPU.ActiveCfg = Debug|Any CPU
		{AA32A015-0F8C-440F-A2E6-28BEF91E0437}.Debug|Any CPU.Build.0 = Debug|Any CPU
		{AA32A015-0F8C-440F-A2E6-28BEF91E0437}.Debug|ARM.ActiveCfg = Debug|ARM
		{AA32A015-0F8C-440F-A2E6-28BEF91E0437}.Debug|ARM.Build.0 = Debug|ARM
		{AA32A015-0F8C-440F-A2E6-28BEF91E0437}.Debug|x64.ActiveCfg = Debug|x64
		{AA32A015-0F8C-440F-A2E6-28BEF91E0437}.Debug|x64.Build.0 = Debug|x64
		{AA32A015-0F8C-440F-A2E6-28BEF91E0437}.Debug|x86.ActiveCfg = Debug|x86
		{AA32A015-0F8C-440F-A2E6-28BEF91E0437}.Debug|x86.Build.0 = Debug|x86
		{AA32A015-0F8C-440F-A2E6-28BEF91E0437}.Release|Any CPU.ActiveCfg = Release|Any CPU
		{AA32A015-0F8C-440F-A2E6-28BEF91E0437}.Release|Any CPU.Build.0 = Release|Any CPU
		{AA32A015-0F8C-440F-A2E6-28BEF91E0437}.Release|ARM.ActiveCfg = Release|ARM
		{AA32A015-0F8C-440F-A2E6-28BEF91E0437}.Release|ARM.Build.0 = Release|ARM
		{AA32A015-0F8C-440F-A2E6-28BEF91E0437}.Release|x64.ActiveCfg = Release|x64
		{AA32A015-0F8C-440F-A2E6-28BEF91E0437}.Release|x64.Build.0 = Release|x64
		{AA32A015-0F8C-440F-A2E6-28BEF91E0437}.Release|x86.ActiveCfg = Release|x86
		{AA32A015-0F8C-440F-A2E6-28BEF91E0437}.Release|x86.Build.0 = Release|x86
		{CEEF100A-1599-4701-B33C-9C8E5B889605}.Debug|Any CPU.ActiveCfg = Debug|Any CPU
		{CEEF100A-1599-4701-B33C-9C8E5B889605}.Debug|Any CPU.Build.0 = Debug|Any CPU
		{CEEF100A-1599-4701-B33C-9C8E5B889605}.Debug|ARM.ActiveCfg = Debug|Any CPU
		{CEEF100A-1599-4701-B33C-9C8E5B889605}.Debug|ARM.Build.0 = Debug|Any CPU
		{CEEF100A-1599-4701-B33C-9C8E5B889605}.Debug|x64.ActiveCfg = Debug|Any CPU
		{CEEF100A-1599-4701-B33C-9C8E5B889605}.Debug|x64.Build.0 = Debug|Any CPU
		{CEEF100A-1599-4701-B33C-9C8E5B889605}.Debug|x86.ActiveCfg = Debug|Any CPU
		{CEEF100A-1599-4701-B33C-9C8E5B889605}.Debug|x86.Build.0 = Debug|Any CPU
		{CEEF100A-1599-4701-B33C-9C8E5B889605}.Release|Any CPU.ActiveCfg = Release|Any CPU
		{CEEF100A-1599-4701-B33C-9C8E5B889605}.Release|Any CPU.Build.0 = Release|Any CPU
		{CEEF100A-1599-4701-B33C-9C8E5B889605}.Release|ARM.ActiveCfg = Release|Any CPU
		{CEEF100A-1599-4701-B33C-9C8E5B889605}.Release|ARM.Build.0 = Release|Any CPU
		{CEEF100A-1599-4701-B33C-9C8E5B889605}.Release|x64.ActiveCfg = Release|Any CPU
		{CEEF100A-1599-4701-B33C-9C8E5B889605}.Release|x64.Build.0 = Release|Any CPU
		{CEEF100A-1599-4701-B33C-9C8E5B889605}.Release|x86.ActiveCfg = Release|Any CPU
		{CEEF100A-1599-4701-B33C-9C8E5B889605}.Release|x86.Build.0 = Release|Any CPU
		{7EC7F7FA-3EEC-4D1C-B53F-E07065B9D06C}.Debug|Any CPU.ActiveCfg = Debug|Any CPU
		{7EC7F7FA-3EEC-4D1C-B53F-E07065B9D06C}.Debug|Any CPU.Build.0 = Debug|Any CPU
		{7EC7F7FA-3EEC-4D1C-B53F-E07065B9D06C}.Debug|ARM.ActiveCfg = Debug|ARM
		{7EC7F7FA-3EEC-4D1C-B53F-E07065B9D06C}.Debug|ARM.Build.0 = Debug|ARM
		{7EC7F7FA-3EEC-4D1C-B53F-E07065B9D06C}.Debug|x64.ActiveCfg = Debug|x64
		{7EC7F7FA-3EEC-4D1C-B53F-E07065B9D06C}.Debug|x64.Build.0 = Debug|x64
		{7EC7F7FA-3EEC-4D1C-B53F-E07065B9D06C}.Debug|x86.ActiveCfg = Debug|x86
		{7EC7F7FA-3EEC-4D1C-B53F-E07065B9D06C}.Debug|x86.Build.0 = Debug|x86
		{7EC7F7FA-3EEC-4D1C-B53F-E07065B9D06C}.Release|Any CPU.ActiveCfg = Release|Any CPU
		{7EC7F7FA-3EEC-4D1C-B53F-E07065B9D06C}.Release|Any CPU.Build.0 = Release|Any CPU
		{7EC7F7FA-3EEC-4D1C-B53F-E07065B9D06C}.Release|ARM.ActiveCfg = Release|ARM
		{7EC7F7FA-3EEC-4D1C-B53F-E07065B9D06C}.Release|ARM.Build.0 = Release|ARM
		{7EC7F7FA-3EEC-4D1C-B53F-E07065B9D06C}.Release|x64.ActiveCfg = Release|x64
		{7EC7F7FA-3EEC-4D1C-B53F-E07065B9D06C}.Release|x64.Build.0 = Release|x64
		{7EC7F7FA-3EEC-4D1C-B53F-E07065B9D06C}.Release|x86.ActiveCfg = Release|x86
		{7EC7F7FA-3EEC-4D1C-B53F-E07065B9D06C}.Release|x86.Build.0 = Release|x86
	EndGlobalSection
	GlobalSection(SolutionProperties) = preSolution
		HideSolutionNode = FALSE
	EndGlobalSection
	GlobalSection(NestedProjects) = preSolution
		{71D12032-6F0F-4F16-A416-35DEF14BA513} = {605071E4-3B9A-4B40-B815-62B0DA2D8C88}
		{19C8EC4A-C82B-4D1D-9985-A83AA052A3C6} = {C9D66827-716E-4D7D-9E90-BDBCB5185335}
		{EA5978F1-968A-4CEA-8A2F-59F9EAC47808} = {C60F5932-1EA0-4A11-A1F8-5BF1A3655EA0}
		{3AFE4F6A-58E8-4F3D-B300-582AFDD17453} = {C60F5932-1EA0-4A11-A1F8-5BF1A3655EA0}
		{AA32A015-0F8C-440F-A2E6-28BEF91E0437} = {C60F5932-1EA0-4A11-A1F8-5BF1A3655EA0}
		{CEEF100A-1599-4701-B33C-9C8E5B889605} = {84046B1D-CB23-49F3-A7A4-3DA89CEFCE4F}
		{7EC7F7FA-3EEC-4D1C-B53F-E07065B9D06C} = {605071E4-3B9A-4B40-B815-62B0DA2D8C88}
	EndGlobalSection
EndGlobal
